
Microsoft Visual Studio Solution File, Format Version 12.00
# Visual Studio Version 16
VisualStudioVersion = 16.0.31112.23
MinimumVisualStudioVersion = 10.0.40219.1
Project("{FAE04EC0-301F-11D3-BF4B-00C04F79EFBC}") = "Abstract Factory Pattern", "Abstract Factory Pattern\Abstract Factory Pattern.csproj", "{F305CCF3-F1F7-4207-80EF-CB7282BCBCEE}"
EndProject
Global
	GlobalSection(SolutionConfigurationPlatforms) = preSolution
		Debug|Any CPU = Debug|Any CPU
		Release|Any CPU = Release|Any CPU
	EndGlobalSection
	GlobalSection(ProjectConfigurationPlatforms) = postSolution
		{F305CCF3-F1F7-4207-80EF-CB7282BCBCEE}.Debug|Any CPU.ActiveCfg = Debug|Any CPU
		{F305CCF3-F1F7-4207-80EF-CB7282BCBCEE}.Debug|Any CPU.Build.0 = Debug|Any CPU
		{F305CCF3-F1F7-4207-80EF-CB7282BCBCEE}.Release|Any CPU.ActiveCfg = Release|Any CPU
		{F305CCF3-F1F7-4207-80EF-CB7282BCBCEE}.Release|Any CPU.Build.0 = Release|Any CPU
	EndGlobalSection
	GlobalSection(SolutionProperties) = preSolution
		HideSolutionNode = FALSE
	EndGlobalSection
	GlobalSection(ExtensibilityGlobals) = postSolution
		SolutionGuid = {877E8B5E-A725-44C3-AD2E-DCF8469274D6}
	EndGlobalSection
EndGlobal
