
Microsoft Visual Studio Solution File, Format Version 12.00
# Visual Studio Version 16
VisualStudioVersion = 16.0.31112.23
MinimumVisualStudioVersion = 10.0.40219.1
Project("{FAE04EC0-301F-11D3-BF4B-00C04F79EFBC}") = "Adapter", "Adapter\Adapter.csproj", "{92DF7F0E-814E-445E-8880-F04365B6771B}"
EndProject
Global
	GlobalSection(SolutionConfigurationPlatforms) = preSolution
		Debug|Any CPU = Debug|Any CPU
		Release|Any CPU = Release|Any CPU
	EndGlobalSection
	GlobalSection(ProjectConfigurationPlatforms) = postSolution
		{92DF7F0E-814E-445E-8880-F04365B6771B}.Debug|Any CPU.ActiveCfg = Debug|Any CPU
		{92DF7F0E-814E-445E-8880-F04365B6771B}.Debug|Any CPU.Build.0 = Debug|Any CPU
		{92DF7F0E-814E-445E-8880-F04365B6771B}.Release|Any CPU.ActiveCfg = Release|Any CPU
		{92DF7F0E-814E-445E-8880-F04365B6771B}.Release|Any CPU.Build.0 = Release|Any CPU
	EndGlobalSection
	GlobalSection(SolutionProperties) = preSolution
		HideSolutionNode = FALSE
	EndGlobalSection
	GlobalSection(ExtensibilityGlobals) = postSolution
		SolutionGuid = {AD58A849-6D64-456F-A2E2-C27EE53F3244}
	EndGlobalSection
EndGlobal
